
Microsoft Visual Studio Solution File, Format Version 12.00
# Visual Studio Version 17
VisualStudioVersion = 17.9.34622.214
MinimumVisualStudioVersion = 10.0.40219.1
Project("{FAE04EC0-301F-11D3-BF4B-00C04F79EFBC}") = "Chess", "Chess v2\Chess.csproj", "{A9C3A3C6-2F19-4F75-9543-17C8BEDE976C}"
EndProject
Global
	GlobalSection(SolutionConfigurationPlatforms) = preSolution
		Debug|x86 = Debug|x86
		Release|x86 = Release|x86
	EndGlobalSection
	GlobalSection(ProjectConfigurationPlatforms) = postSolution
		{A9C3A3C6-2F19-4F75-9543-17C8BEDE976C}.Debug|x86.ActiveCfg = Debug|x86
		{A9C3A3C6-2F19-4F75-9543-17C8BEDE976C}.Debug|x86.Build.0 = Debug|x86
		{A9C3A3C6-2F19-4F75-9543-17C8BEDE976C}.Release|x86.ActiveCfg = Release|x86
		{A9C3A3C6-2F19-4F75-9543-17C8BEDE976C}.Release|x86.Build.0 = Release|x86
	EndGlobalSection
	GlobalSection(SolutionProperties) = preSolution
		HideSolutionNode = FALSE
	EndGlobalSection
	GlobalSection(ExtensibilityGlobals) = postSolution
		SolutionGuid = {71791248-A7B0-4207-8576-B91E31A70FB8}
	EndGlobalSection
EndGlobal
